
Microsoft Visual Studio Solution File, Format Version 12.00
# Visual Studio Version 17
VisualStudioVersion = 17.7.34031.279
MinimumVisualStudioVersion = 10.0.40219.1
Project("{FAE04EC0-301F-11D3-BF4B-00C04F79EFBC}") = "LightSwitch", "LightSwitch.csproj", "{391D62E6-CCB6-4EA9-9E1F-E81A2C2DE840}"
EndProject
Global
	GlobalSection(SolutionConfigurationPlatforms) = preSolution
		Debug|Any CPU = Debug|Any CPU
		Release|Any CPU = Release|Any CPU
	EndGlobalSection
	GlobalSection(ProjectConfigurationPlatforms) = postSolution
		{391D62E6-CCB6-4EA9-9E1F-E81A2C2DE840}.Debug|Any CPU.ActiveCfg = Debug|Any CPU
		{391D62E6-CCB6-4EA9-9E1F-E81A2C2DE840}.Debug|Any CPU.Build.0 = Debug|Any CPU
		{391D62E6-CCB6-4EA9-9E1F-E81A2C2DE840}.Release|Any CPU.ActiveCfg = Release|Any CPU
		{391D62E6-CCB6-4EA9-9E1F-E81A2C2DE840}.Release|Any CPU.Build.0 = Release|Any CPU
	EndGlobalSection
	GlobalSection(SolutionProperties) = preSolution
		HideSolutionNode = FALSE
	EndGlobalSection
	GlobalSection(ExtensibilityGlobals) = postSolution
		SolutionGuid = {C7CA941E-E6B0-4CB0-80A9-1340797F24E7}
	EndGlobalSection
EndGlobal
